GEM
  remote: https://rubygems.org/
  specs:
    asciidoctor (2.0.26)
    bigdecimal (4.1.2)
    google-protobuf (4.35.0)
      bigdecimal
      rake (~> 13.3)
    google-protobuf (4.35.0-aarch64-linux-gnu)
      bigdecimal
      rake (~> 13.3)
    google-protobuf (4.35.0-aarch64-linux-musl)
      bigdecimal
      rake (~> 13.3)
    google-protobuf (4.35.0-arm64-darwin)
      bigdecimal
      rake (~> 13.3)
    google-protobuf (4.35.0-x86-linux-gnu)
      bigdecimal
      rake (~> 13.3)
    google-protobuf (4.35.0-x86-linux-musl)
      bigdecimal
      rake (~> 13.3)
    google-protobuf (4.35.0-x86_64-darwin)
      bigdecimal
      rake (~> 13.3)
    google-protobuf (4.35.0-x86_64-linux-gnu)
      bigdecimal
      rake (~> 13.3)
    google-protobuf (4.35.0-x86_64-linux-musl)
      bigdecimal
      rake (~> 13.3)
    logger (1.7.0)
    rake (13.4.2)
    rouge (4.7.0)
    sass-embedded (1.100.0)
      google-protobuf (~> 4.31)
      rake (>= 13)
    sass-embedded (1.100.0-aarch64-linux-android)
      google-protobuf (~> 4.31)
    sass-embedded (1.100.0-aarch64-linux-gnu)
      google-protobuf (~> 4.31)
    sass-embedded (1.100.0-aarch64-linux-musl)
      google-protobuf (~> 4.31)
    sass-embedded (1.100.0-arm-linux-androideabi)
      google-protobuf (~> 4.31)
    sass-embedded (1.100.0-arm-linux-gnueabihf)
      google-protobuf (~> 4.31)
    sass-embedded (1.100.0-arm-linux-musleabihf)
      google-protobuf (~> 4.31)
    sass-embedded (1.100.0-arm64-darwin)
      google-protobuf (~> 4.31)
    sass-embedded (1.100.0-riscv64-linux-android)
      google-protobuf (~> 4.31)
    sass-embedded (1.100.0-riscv64-linux-gnu)
      google-protobuf (~> 4.31)
    sass-embedded (1.100.0-riscv64-linux-musl)
      google-protobuf (~> 4.31)
    sass-embedded (1.100.0-x86_64-darwin)
      google-protobuf (~> 4.31)
    sass-embedded (1.100.0-x86_64-linux-android)
      google-protobuf (~> 4.31)
    sass-embedded (1.100.0-x86_64-linux-gnu)
      google-protobuf (~> 4.31)
    sass-embedded (1.100.0-x86_64-linux-musl)
      google-protobuf (~> 4.31)
    webrick (1.9.2)

PLATFORMS
  aarch64-linux-android
  aarch64-linux-gnu
  aarch64-linux-musl
  arm-linux-androideabi
  arm-linux-gnueabihf
  arm-linux-musleabihf
  arm64-darwin
  riscv64-linux-android
  riscv64-linux-gnu
  riscv64-linux-musl
  ruby
  x86-linux-gnu
  x86-linux-musl
  x86_64-darwin
  x86_64-linux-android
  x86_64-linux-gnu
  x86_64-linux-musl

DEPENDENCIES
  asciidoctor (~> 2.0)
  logger
  rouge
  sass-embedded (~> 1.80)
  webrick

CHECKSUMS
  asciidoctor (2.0.26) sha256=16e3accf1fc206bbd6335848649d7fd65f31d2daa60d85af13d47a8ee4b071c1
  bigdecimal (4.1.2) sha256=53d217666027eab4280346fba98e7d5b66baaae1b9c3c1c0ffe89d48188a3fbd
  google-protobuf (4.35.0) sha256=95346162c792ed78c9a28cbf2d937a53f706de6df36a27471582f63f03c30c0d
  google-protobuf (4.35.0-aarch64-linux-gnu) sha256=2cabd61b420918aec1564f9f7414e455bf922d20c5f8139d62783df5558a7aea
  google-protobuf (4.35.0-aarch64-linux-musl) sha256=f6b11f3420a4564f68e8233c95eac6924f6a727dfc2f81a56af2e09add551501
  google-protobuf (4.35.0-arm64-darwin) sha256=66ab26d3fc82b8950702e53ab16c198e3c0ea3f2a38aaaf1f32152da45593ac5
  google-protobuf (4.35.0-x86-linux-gnu) sha256=7a5b5681c7d7bf28e1a6e285e45bf55c4ef47b7b1ca8af6ff79964255efece9a
  google-protobuf (4.35.0-x86-linux-musl) sha256=f481b63b176c0335db8b50e46f033c0956857a599d9feafdd891a5c18ce28d43
  google-protobuf (4.35.0-x86_64-darwin) sha256=05eb5c8bc9899135befff496fc0a3642e7ff3d0943f043841dcc456f5654fea0
  google-protobuf (4.35.0-x86_64-linux-gnu) sha256=999226f3b00cd9fddb1b26851d16060212fa1d90c406aaad47e574682b716059
  google-protobuf (4.35.0-x86_64-linux-musl) sha256=be0218520d77b2aee898b363514b03819f6f63f9c041ae0d0d79b4ce5247bffd
  logger (1.7.0) sha256=196edec7cc44b66cfb40f9755ce11b392f21f7967696af15d274dde7edff0203
  rake (13.4.2) sha256=cb825b2bd5f1f8e91ca37bddb4b9aaf345551b4731da62949be002fa89283701
  rouge (4.7.0) sha256=dba5896715c0325c362e895460a6d350803dbf6427454f49a47500f3193ea739
  sass-embedded (1.100.0) sha256=b7d4831f304be5ba8717b2a1307644164b63dc158113a67f469e90578d3fc092
  sass-embedded (1.100.0-aarch64-linux-android) sha256=9603e1c26bea0396e849e3c3bb75b6843a43bae7a32c580084fd6c64260d9ef8
  sass-embedded (1.100.0-aarch64-linux-gnu) sha256=c13187f8eaae7e7e64246b18eb896534a84465a17198829ef65730db4662860e
  sass-embedded (1.100.0-aarch64-linux-musl) sha256=1b0945a66cd4e40f505db73b1e790e2561e07e6d9fd04ef6ebbf279835666b3f
  sass-embedded (1.100.0-arm-linux-androideabi) sha256=9948122504b69e20dc82a3b8fc20b3a61ea58a4713a713f64630b4c9a36f11e1
  sass-embedded (1.100.0-arm-linux-gnueabihf) sha256=a2de272bb02977ea91acaf3fecb6d8e09e4989501efbfc5375da4b5e7bff001d
  sass-embedded (1.100.0-arm-linux-musleabihf) sha256=ce19837c10bab5ae6785f10b435a57a64ca027a99875cd701dc6fd3af317cbe5
  sass-embedded (1.100.0-arm64-darwin) sha256=d294b32c3b7bed293ad39bd392713c07f1df5454e65fa0f8d80dadbdba8a0cf4
  sass-embedded (1.100.0-riscv64-linux-android) sha256=148669225f027eeedea0a27e474dc69448567c030c56792114894f55a68af38e
  sass-embedded (1.100.0-riscv64-linux-gnu) sha256=880ff1fca280b45b4d223366606aa634177adf38e793ad521426be7ad70a1ef2
  sass-embedded (1.100.0-riscv64-linux-musl) sha256=a8568d17343dcf0278d48b2efb4b3490ebe3ba0279ec4d69753e8ce4fd0614fa
  sass-embedded (1.100.0-x86_64-darwin) sha256=3db80c837a60712de3461d5aa1be43c7056a0584d7182a8ae7a8996d64ab46d3
  sass-embedded (1.100.0-x86_64-linux-android) sha256=1600dbddf82c83344a5bc2a5e163081efdf15661f782922603574328888cd2cc
  sass-embedded (1.100.0-x86_64-linux-gnu) sha256=58dd0a8a4f0dd78881b90d8b0e4d0eed042d54865b19b71384d91091ade93e18
  sass-embedded (1.100.0-x86_64-linux-musl) sha256=03dbee81bf93e770c725caf0c895e04c7b049ebef56b8a7002fcf21e6bedf7c5
  webrick (1.9.2) sha256=beb4a15fc474defed24a3bda4ffd88a490d517c9e4e6118c3edce59e45864131

BUNDLED WITH
  4.0.11
